{
    "name": "slackbot",
    "version": "1.0.0",
    "lockfileVersion": 1,
    "requires": true,
    "dependencies": {
        "@slack/logger": {
            "version": "2.0.0",
            "resolved": "https://proget2.firmglobal.com/npm/confirmit-npm/@slack/logger/-/logger-2.0.0.tgz",
            "integrity": "sha1-ak4cdVhJvA9m2sCKi+VM55DsDms=",
            "requires": {
                "@types/node": ">=8.9.0"
            }
        },
        "@slack/types": {
            "version": "1.3.0",
            "resolved": "https://proget2.firmglobal.com/npm/confirmit-npm/@slack/types/-/types-1.3.0.tgz",
            "integrity": "sha1-6nGRZEnOfLefxXznVnQ6v+ug91I="
        },
        "@slack/web-api": {
            "version": "5.7.0",
            "resolved": "https://proget2.firmglobal.com/npm/confirmit-npm/@slack/web-api/-/web-api-5.7.0.tgz",
            "integrity": "sha1-FzgW4m264Gt0l0EWTyQBhqC0TWQ=",
            "requires": {
                "@slack/logger": ">=1.0.0 <3.0.0",
                "@slack/types": "^1.2.1",
                "@types/is-stream": "^1.1.0",
                "@types/node": ">=8.9.0",
                "@types/p-queue": "^2.3.2",
                "axios": "^0.18.0",
                "eventemitter3": "^3.1.0",
                "form-data": "^2.5.0",
                "is-stream": "^1.1.0",
                "p-queue": "^2.4.2",
                "p-retry": "^4.0.0"
            }
        },
        "@types/is-stream": {
            "version": "1.1.0",
            "resolved": "https://proget2.firmglobal.com/npm/confirmit-npm/@types/is-stream/-/is-stream-1.1.0.tgz",
            "integrity": "sha1-uE17sgeiEPKvm+1DHcD76cQUO+E=",
            "requires": {
                "@types/node": "*"
            }
        },
        "@types/node": {
            "version": "13.5.1",
            "resolved": "https://proget2.firmglobal.com/npm/confirmit-npm/@types/node/-/node-13.5.1.tgz",
            "integrity": "sha1-b65QiS0YQfSziymOL3j7aMWWDLk="
        },
        "@types/p-queue": {
            "version": "2.3.2",
            "resolved": "https://proget2.firmglobal.com/npm/confirmit-npm/@types/p-queue/-/p-queue-2.3.2.tgz",
            "integrity": "sha1-Frxf7Oae+F768rzosT8+vjnFocg="
        },
        "@types/retry": {
            "version": "0.12.0",
            "resolved": "https://proget2.firmglobal.com/npm/confirmit-npm/@types/retry/-/retry-0.12.0.tgz",
            "integrity": "sha1-KzXsz87n04zXKtmSMvvVi/+zyE0="
        },
        "accepts": {
            "version": "1.3.7",
            "resolved": "https://proget2.firmglobal.com/npm/confirmit-npm/accepts/-/accepts-1.3.7.tgz",
            "integrity": "sha1-UxvHJlF6OytB+FACHGzBXqq1B80=",
            "requires": {
                "mime-types": "~2.1.24",
                "negotiator": "0.6.2"
            }
        },
        "array-flatten": {
            "version": "1.1.1",
            "resolved": "https://proget2.firmglobal.com/npm/confirmit-npm/array-flatten/-/array-flatten-1.1.1.tgz",
            "integrity": "sha1-ml9pkFGx5wczKPKgCJaLZOopVdI="
        },
        "asynckit": {
            "version": "0.4.0",
            "resolved": "https://proget2.firmglobal.com/npm/confirmit-npm/asynckit/-/asynckit-0.4.0.tgz",
            "integrity": "sha1-x57Zf380y48robyXkLzDZkdLS3k="
        },
        "axios": {
            "version": "0.18.1",
            "resolved": "https://proget2.firmglobal.com/npm/confirmit-npm/axios/-/axios-0.18.1.tgz",
            "integrity": "sha1-/z8N4ue10YDnV62YAA8Qgbh7zqM=",
            "requires": {
                "follow-redirects": "1.5.10",
                "is-buffer": "^2.0.2"
            }
        },
        "body-parser": {
            "version": "1.19.0",
            "resolved": "https://proget2.firmglobal.com/npm/confirmit-npm/body-parser/-/body-parser-1.19.0.tgz",
            "integrity": "sha1-lrJwnlfJxOCab9Zqj9l5hE9p8Io=",
            "requires": {
                "bytes": "3.1.0",
                "content-type": "~1.0.4",
                "debug": "2.6.9",
                "depd": "~1.1.2",
                "http-errors": "1.7.2",
                "iconv-lite": "0.4.24",
                "on-finished": "~2.3.0",
                "qs": "6.7.0",
                "raw-body": "2.4.0",
                "type-is": "~1.6.17"
            },
            "dependencies": {
                "debug": {
                    "version": "2.6.9",
                    "resolved": "https://proget2.firmglobal.com/npm/confirmit-npm/debug/-/debug-2.6.9.tgz",
                    "integrity": "sha1-XRKFFd8TT/Mn6QpMk/Tgd6U2NB8=",
                    "requires": {
                        "ms": "2.0.0"
                    }
                }
            }
        },
        "bytes": {
            "version": "3.1.0",
            "resolved": "https://proget2.firmglobal.com/npm/confirmit-npm/bytes/-/bytes-3.1.0.tgz",
            "integrity": "sha1-9s95M6Ng4FiPqf3oVlHNx/gF0fY="
        },
        "combined-stream": {
            "version": "1.0.8",
            "resolved": "https://proget2.firmglobal.com/npm/confirmit-npm/combined-stream/-/combined-stream-1.0.8.tgz",
            "integrity": "sha1-w9RaizT9cwYxoRCoolIGgrMdWn8=",
            "requires": {
                "delayed-stream": "~1.0.0"
            }
        },
        "content-disposition": {
            "version": "0.5.3",
            "resolved": "https://proget2.firmglobal.com/npm/confirmit-npm/content-disposition/-/content-disposition-0.5.3.tgz",
            "integrity": "sha1-4TDK9+cnkIfFYWwgB9BIVpiYT70=",
            "requires": {
                "safe-buffer": "5.1.2"
            }
        },
        "content-type": {
            "version": "1.0.4",
            "resolved": "https://proget2.firmglobal.com/npm/confirmit-npm/content-type/-/content-type-1.0.4.tgz",
            "integrity": "sha1-4TjMdeBAxyexlm/l5fjJruJW/js="
        },
        "cookie": {
            "version": "0.4.0",
            "resolved": "https://proget2.firmglobal.com/npm/confirmit-npm/cookie/-/cookie-0.4.0.tgz",
            "integrity": "sha1-vrQ35wIrO21JAZ0IhmUwPr6cFLo="
        },
        "cookie-signature": {
            "version": "1.0.6",
            "resolved": "https://proget2.firmglobal.com/npm/confirmit-npm/cookie-signature/-/cookie-signature-1.0.6.tgz",
            "integrity": "sha1-4wOogrNCzD7oylE6eZmXNNqzriw="
        },
        "debug": {
            "version": "3.1.0",
            "resolved": "https://proget2.firmglobal.com/npm/confirmit-npm/debug/-/debug-3.1.0.tgz",
            "integrity": "sha1-W7WgZyYotkFJVmuhaBnmFRjGcmE=",
            "requires": {
                "ms": "2.0.0"
            }
        },
        "delayed-stream": {
            "version": "1.0.0",
            "resolved": "https://proget2.firmglobal.com/npm/confirmit-npm/delayed-stream/-/delayed-stream-1.0.0.tgz",
            "integrity": "sha1-3zrhmayt+31ECqrgsp4icrJOxhk="
        },
        "depd": {
            "version": "1.1.2",
            "resolved": "https://proget2.firmglobal.com/npm/confirmit-npm/depd/-/depd-1.1.2.tgz",
            "integrity": "sha1-m81S4UwJd2PnSbJ0xDRu0uVgtak="
        },
        "destroy": {
            "version": "1.0.4",
            "resolved": "https://proget2.firmglobal.com/npm/confirmit-npm/destroy/-/destroy-1.0.4.tgz",
            "integrity": "sha1-l4hXRCxEdJ5CBmE+N5RiBYJqvYA="
        },
        "dotenv": {
            "version": "8.2.0",
            "resolved": "https://proget2.firmglobal.com/npm/confirmit-npm/dotenv/-/dotenv-8.2.0.tgz",
            "integrity": "sha1-l+YZJZradQ7qPk6j4mvO6lQksWo="
        },
        "ee-first": {
            "version": "1.1.1",
            "resolved": "https://proget2.firmglobal.com/npm/confirmit-npm/ee-first/-/ee-first-1.1.1.tgz",
            "integrity": "sha1-WQxhFWsK4vTwJVcyoViyZrxWsh0="
        },
        "encodeurl": {
            "version": "1.0.2",
            "resolved": "https://proget2.firmglobal.com/npm/confirmit-npm/encodeurl/-/encodeurl-1.0.2.tgz",
            "integrity": "sha1-rT/0yG7C0CkyL1oCw6mmBslbP1k="
        },
        "escape-html": {
            "version": "1.0.3",
            "resolved": "https://proget2.firmglobal.com/npm/confirmit-npm/escape-html/-/escape-html-1.0.3.tgz",
            "integrity": "sha1-Aljq5NPQwJdN4cFpGI7wBR0dGYg="
        },
        "esm": {
            "version": "3.2.25",
            "resolved": "https://proget2.firmglobal.com/npm/confirmit-npm/esm/-/esm-3.2.25.tgz",
            "integrity": "sha1-NCwYwp1WFXaIulzjH4Qx+7eVzBA="
        },
        "etag": {
            "version": "1.8.1",
            "resolved": "https://proget2.firmglobal.com/npm/confirmit-npm/etag/-/etag-1.8.1.tgz",
            "integrity": "sha1-Qa4u62XvpiJorr/qg6x9eSmbCIc="
        },
        "eventemitter3": {
            "version": "3.1.2",
            "resolved": "https://proget2.firmglobal.com/npm/confirmit-npm/eventemitter3/-/eventemitter3-3.1.2.tgz",
            "integrity": "sha1-LT1I+cNGaY/Og6hdfWZOmFNd9uc="
        },
        "express": {
            "version": "4.17.1",
            "resolved": "https://proget2.firmglobal.com/npm/confirmit-npm/express/-/express-4.17.1.tgz",
            "integrity": "sha1-RJH8OGBc9R+GKdOcK10Cb5ikwTQ=",
            "requires": {
                "accepts": "~1.3.7",
                "array-flatten": "1.1.1",
                "body-parser": "1.19.0",
                "content-disposition": "0.5.3",
                "content-type": "~1.0.4",
                "cookie": "0.4.0",
                "cookie-signature": "1.0.6",
                "debug": "2.6.9",
                "depd": "~1.1.2",
                "encodeurl": "~1.0.2",
                "escape-html": "~1.0.3",
                "etag": "~1.8.1",
                "finalhandler": "~1.1.2",
                "fresh": "0.5.2",
                "merge-descriptors": "1.0.1",
                "methods": "~1.1.2",
                "on-finished": "~2.3.0",
                "parseurl": "~1.3.3",
                "path-to-regexp": "0.1.7",
                "proxy-addr": "~2.0.5",
                "qs": "6.7.0",
                "range-parser": "~1.2.1",
                "safe-buffer": "5.1.2",
                "send": "0.17.1",
                "serve-static": "1.14.1",
                "setprototypeof": "1.1.1",
                "statuses": "~1.5.0",
                "type-is": "~1.6.18",
                "utils-merge": "1.0.1",
                "vary": "~1.1.2"
            },
            "dependencies": {
                "debug": {
                    "version": "2.6.9",
                    "resolved": "https://proget2.firmglobal.com/npm/confirmit-npm/debug/-/debug-2.6.9.tgz",
                    "integrity": "sha1-XRKFFd8TT/Mn6QpMk/Tgd6U2NB8=",
                    "requires": {
                        "ms": "2.0.0"
                    }
                }
            }
        },
        "finalhandler": {
            "version": "1.1.2",
            "resolved": "https://proget2.firmglobal.com/npm/confirmit-npm/finalhandler/-/finalhandler-1.1.2.tgz",
            "integrity": "sha1-t+fQAP/RGTjQ/bBTUG9uur6fWH0=",
            "requires": {
                "debug": "2.6.9",
                "encodeurl": "~1.0.2",
                "escape-html": "~1.0.3",
                "on-finished": "~2.3.0",
                "parseurl": "~1.3.3",
                "statuses": "~1.5.0",
                "unpipe": "~1.0.0"
            },
            "dependencies": {
                "debug": {
                    "version": "2.6.9",
                    "resolved": "https://proget2.firmglobal.com/npm/confirmit-npm/debug/-/debug-2.6.9.tgz",
                    "integrity": "sha1-XRKFFd8TT/Mn6QpMk/Tgd6U2NB8=",
                    "requires": {
                        "ms": "2.0.0"
                    }
                }
            }
        },
        "follow-redirects": {
            "version": "1.5.10",
            "resolved": "https://proget2.firmglobal.com/npm/confirmit-npm/follow-redirects/-/follow-redirects-1.5.10.tgz",
            "integrity": "sha1-e3qfmuov3/NnhqlP9kPtB/T/Xio=",
            "requires": {
                "debug": "=3.1.0"
            }
        },
        "form-data": {
            "version": "2.5.1",
            "resolved": "https://proget2.firmglobal.com/npm/confirmit-npm/form-data/-/form-data-2.5.1.tgz",
            "integrity": "sha1-8svsV7XlniNxbhKP5E1OXdI4lfQ=",
            "requires": {
                "asynckit": "^0.4.0",
                "combined-stream": "^1.0.6",
                "mime-types": "^2.1.12"
            }
        },
        "forwarded": {
            "version": "0.1.2",
            "resolved": "https://proget2.firmglobal.com/npm/confirmit-npm/forwarded/-/forwarded-0.1.2.tgz",
            "integrity": "sha1-mMI9qxF1ZXuMBXPozszZGw/xjIQ="
        },
        "fresh": {
            "version": "0.5.2",
            "resolved": "https://proget2.firmglobal.com/npm/confirmit-npm/fresh/-/fresh-0.5.2.tgz",
            "integrity": "sha1-PYyt2Q2XZWn6g1qx+OSyOhBWBac="
        },
        "http-errors": {
            "version": "1.7.2",
            "resolved": "https://proget2.firmglobal.com/npm/confirmit-npm/http-errors/-/http-errors-1.7.2.tgz",
            "integrity": "sha1-T1ApzxMjnzEDblsuVSkrz7zIXI8=",
            "requires": {
                "depd": "~1.1.2",
                "inherits": "2.0.3",
                "setprototypeof": "1.1.1",
                "statuses": ">= 1.5.0 < 2",
                "toidentifier": "1.0.0"
            }
        },
        "iconv-lite": {
            "version": "0.4.24",
            "resolved": "https://proget2.firmglobal.com/npm/confirmit-npm/iconv-lite/-/iconv-lite-0.4.24.tgz",
            "integrity": "sha1-ICK0sl+93CHS9SSXSkdKr+czkIs=",
            "requires": {
                "safer-buffer": ">= 2.1.2 < 3"
            }
        },
        "inherits": {
            "version": "2.0.3",
            "resolved": "https://proget2.firmglobal.com/npm/confirmit-npm/inherits/-/inherits-2.0.3.tgz",
            "integrity": "sha1-Yzwsg+PaQqUC9SRmAiSA9CCCYd4="
        },
        "ipaddr.js": {
            "version": "1.9.0",
            "resolved": "https://proget2.firmglobal.com/npm/confirmit-npm/ipaddr.js/-/ipaddr.js-1.9.0.tgz",
            "integrity": "sha1-N9905DCg5HVQ/lSi3v4w2KzZX2U="
        },
        "is-buffer": {
            "version": "2.0.4",
            "resolved": "https://proget2.firmglobal.com/npm/confirmit-npm/is-buffer/-/is-buffer-2.0.4.tgz",
            "integrity": "sha1-PlcvI8hBGlz9lVfISeNmXgspBiM="
        },
        "is-stream": {
            "version": "1.1.0",
            "resolved": "https://proget2.firmglobal.com/npm/confirmit-npm/is-stream/-/is-stream-1.1.0.tgz",
            "integrity": "sha1-EtSj3U5o4Lec6428hBc66A2RykQ="
        },
        "media-typer": {
            "version": "0.3.0",
            "resolved": "https://proget2.firmglobal.com/npm/confirmit-npm/media-typer/-/media-typer-0.3.0.tgz",
            "integrity": "sha1-hxDXrwqmJvj/+hzgAWhUUmMlV0g="
        },
        "merge-descriptors": {
            "version": "1.0.1",
            "resolved": "https://proget2.firmglobal.com/npm/confirmit-npm/merge-descriptors/-/merge-descriptors-1.0.1.tgz",
            "integrity": "sha1-sAqqVW3YtEVoFQ7J0blT8/kMu2E="
        },
        "methods": {
            "version": "1.1.2",
            "resolved": "https://proget2.firmglobal.com/npm/confirmit-npm/methods/-/methods-1.1.2.tgz",
            "integrity": "sha1-VSmk1nZUE07cxSZmVoNbD4Ua/O4="
        },
        "mime": {
            "version": "1.6.0",
            "resolved": "https://proget2.firmglobal.com/npm/confirmit-npm/mime/-/mime-1.6.0.tgz",
            "integrity": "sha1-Ms2eXGRVO9WNGaVor0Uqz/BJgbE="
        },
        "mime-db": {
            "version": "1.43.0",
            "resolved": "https://proget2.firmglobal.com/npm/confirmit-npm/mime-db/-/mime-db-1.43.0.tgz",
            "integrity": "sha1-ChLgUCZQ5HPXNVNQUOfI9OtPrlg="
        },
        "mime-types": {
            "version": "2.1.26",
            "resolved": "https://proget2.firmglobal.com/npm/confirmit-npm/mime-types/-/mime-types-2.1.26.tgz",
            "integrity": "sha1-nJIfwJt+FJpl39wNpNIJlyALCgY=",
            "requires": {
                "mime-db": "1.43.0"
            }
        },
        "ms": {
            "version": "2.0.0",
            "resolved": "https://proget2.firmglobal.com/npm/confirmit-npm/ms/-/ms-2.0.0.tgz",
            "integrity": "sha1-VgiurfwAvmwpAd9fmGF4jeDVl8g="
        },
        "negotiator": {
            "version": "0.6.2",
            "resolved": "https://proget2.firmglobal.com/npm/confirmit-npm/negotiator/-/negotiator-0.6.2.tgz",
            "integrity": "sha1-/qz3zPUlp3rpY0Q2pkiD/+yjRvs="
        },
        "on-finished": {
            "version": "2.3.0",
            "resolved": "https://proget2.firmglobal.com/npm/confirmit-npm/on-finished/-/on-finished-2.3.0.tgz",
            "integrity": "sha1-IPEzZIGwg811M3mSoWlxqi2QaUc=",
            "requires": {
                "ee-first": "1.1.1"
            }
        },
        "p-queue": {
            "version": "2.4.2",
            "resolved": "https://proget2.firmglobal.com/npm/confirmit-npm/p-queue/-/p-queue-2.4.2.tgz",
            "integrity": "sha1-A2CYJmgrdDvpoi26JQUb1Gck/DQ="
        },
        "p-retry": {
            "version": "4.2.0",
            "resolved": "https://proget2.firmglobal.com/npm/confirmit-npm/p-retry/-/p-retry-4.2.0.tgz",
            "integrity": "sha1-6pBmxrRPI8q0zUL2FHzbvGYE2l0=",
            "requires": {
                "@types/retry": "^0.12.0",
                "retry": "^0.12.0"
            }
        },
        "parseurl": {
            "version": "1.3.3",
            "resolved": "https://proget2.firmglobal.com/npm/confirmit-npm/parseurl/-/parseurl-1.3.3.tgz",
            "integrity": "sha1-naGee+6NEt/wUT7Vt2lXeTvC6NQ="
        },
        "path-to-regexp": {
            "version": "0.1.7",
            "resolved": "https://proget2.firmglobal.com/npm/confirmit-npm/path-to-regexp/-/path-to-regexp-0.1.7.tgz",
            "integrity": "sha1-32BBeABfUi8V60SQ5yR6G/qmf4w="
        },
        "proxy-addr": {
            "version": "2.0.5",
            "resolved": "https://proget2.firmglobal.com/npm/confirmit-npm/proxy-addr/-/proxy-addr-2.0.5.tgz",
            "integrity": "sha1-NMvWSi2B9LH9IedvnwbIpFKZ7jQ=",
            "requires": {
                "forwarded": "~0.1.2",
                "ipaddr.js": "1.9.0"
            }
        },
        "qs": {
            "version": "6.7.0",
            "resolved": "https://proget2.firmglobal.com/npm/confirmit-npm/qs/-/qs-6.7.0.tgz",
            "integrity": "sha1-QdwaAV49WB8WIXdr4xr7KHapsbw="
        },
        "range-parser": {
            "version": "1.2.1",
            "resolved": "https://proget2.firmglobal.com/npm/confirmit-npm/range-parser/-/range-parser-1.2.1.tgz",
            "integrity": "sha1-PPNwI9GZ4cJNGlW4SADC8+ZGgDE="
        },
        "raw-body": {
            "version": "2.4.0",
            "resolved": "https://proget2.firmglobal.com/npm/confirmit-npm/raw-body/-/raw-body-2.4.0.tgz",
            "integrity": "sha1-oc5vucm8NWylLoklarWQWeE9AzI=",
            "requires": {
                "bytes": "3.1.0",
                "http-errors": "1.7.2",
                "iconv-lite": "0.4.24",
                "unpipe": "1.0.0"
            }
        },
        "retry": {
            "version": "0.12.0",
            "resolved": "https://proget2.firmglobal.com/npm/confirmit-npm/retry/-/retry-0.12.0.tgz",
            "integrity": "sha1-G0KmJmoh8HQh0bC1S33BZ7AcATs="
        },
        "safe-buffer": {
            "version": "5.1.2",
            "resolved": "https://proget2.firmglobal.com/npm/confirmit-npm/safe-buffer/-/safe-buffer-5.1.2.tgz",
            "integrity": "sha1-mR7GnSluAxN0fVm9/St0XDX4go0="
        },
        "safer-buffer": {
            "version": "2.1.2",
            "resolved": "https://proget2.firmglobal.com/npm/confirmit-npm/safer-buffer/-/safer-buffer-2.1.2.tgz",
            "integrity": "sha1-RPoWGwGHuVSd2Eu5GAL5vYOFzWo="
        },
        "send": {
            "version": "0.17.1",
            "resolved": "https://proget2.firmglobal.com/npm/confirmit-npm/send/-/send-0.17.1.tgz",
            "integrity": "sha1-wdiwWfeQD3Rm3Uk4vcROEd2zdsg=",
            "requires": {
                "debug": "2.6.9",
                "depd": "~1.1.2",
                "destroy": "~1.0.4",
                "encodeurl": "~1.0.2",
                "escape-html": "~1.0.3",
                "etag": "~1.8.1",
                "fresh": "0.5.2",
                "http-errors": "~1.7.2",
                "mime": "1.6.0",
                "ms": "2.1.1",
                "on-finished": "~2.3.0",
                "range-parser": "~1.2.1",
                "statuses": "~1.5.0"
            },
            "dependencies": {
                "debug": {
                    "version": "2.6.9",
                    "resolved": "https://proget2.firmglobal.com/npm/confirmit-npm/debug/-/debug-2.6.9.tgz",
                    "integrity": "sha1-XRKFFd8TT/Mn6QpMk/Tgd6U2NB8=",
                    "requires": {
                        "ms": "2.0.0"
                    },
                    "dependencies": {
                        "ms": {
                            "version": "2.0.0",
                            "resolved": "https://proget2.firmglobal.com/npm/confirmit-npm/ms/-/ms-2.0.0.tgz",
                            "integrity": "sha1-VgiurfwAvmwpAd9fmGF4jeDVl8g="
                        }
                    }
                },
                "ms": {
                    "version": "2.1.1",
                    "resolved": "https://proget2.firmglobal.com/npm/confirmit-npm/ms/-/ms-2.1.1.tgz",
                    "integrity": "sha1-MKWGTrPrsKZvLr5tcnrwagnYbgo="
                }
            }
        },
        "serve-static": {
            "version": "1.14.1",
            "resolved": "https://proget2.firmglobal.com/npm/confirmit-npm/serve-static/-/serve-static-1.14.1.tgz",
            "integrity": "sha1-Zm5jbcTwEPfvKZcKiKZ0MgiYsvk=",
            "requires": {
                "encodeurl": "~1.0.2",
                "escape-html": "~1.0.3",
                "parseurl": "~1.3.3",
                "send": "0.17.1"
            }
        },
        "setprototypeof": {
            "version": "1.1.1",
            "resolved": "https://proget2.firmglobal.com/npm/confirmit-npm/setprototypeof/-/setprototypeof-1.1.1.tgz",
            "integrity": "sha1-fpWsskqpL1iF4KvvW6ExMw1K5oM="
        },
        "statuses": {
            "version": "1.5.0",
            "resolved": "https://proget2.firmglobal.com/npm/confirmit-npm/statuses/-/statuses-1.5.0.tgz",
            "integrity": "sha1-Fhx9rBd2Wf2YEfQ3cfqZOBR4Yow="
        },
        "toidentifier": {
            "version": "1.0.0",
            "resolved": "https://proget2.firmglobal.com/npm/confirmit-npm/toidentifier/-/toidentifier-1.0.0.tgz",
            "integrity": "sha1-fhvjRw8ed5SLxD2Uo8j013UrpVM="
        },
        "type-is": {
            "version": "1.6.18",
            "resolved": "https://proget2.firmglobal.com/npm/confirmit-npm/type-is/-/type-is-1.6.18.tgz",
            "integrity": "sha1-TlUs0F3wlGfcvE73Od6J8s83wTE=",
            "requires": {
                "media-typer": "0.3.0",
                "mime-types": "~2.1.24"
            }
        },
        "unpipe": {
            "version": "1.0.0",
            "resolved": "https://proget2.firmglobal.com/npm/confirmit-npm/unpipe/-/unpipe-1.0.0.tgz",
            "integrity": "sha1-sr9O6FFKrmFltIF4KdIbLvSZBOw="
        },
        "utils-merge": {
            "version": "1.0.1",
            "resolved": "https://proget2.firmglobal.com/npm/confirmit-npm/utils-merge/-/utils-merge-1.0.1.tgz",
            "integrity": "sha1-n5VxD1CiZ5R7LMwSR0HBAoQn5xM="
        },
        "vary": {
            "version": "1.1.2",
            "resolved": "https://proget2.firmglobal.com/npm/confirmit-npm/vary/-/vary-1.1.2.tgz",
            "integrity": "sha1-IpnwLG3tMNSllhsLn3RSShj2NPw="
        }
    }
}
